{
  "pins" : [
    {
      "identity" : "toolbox",
      "kind" : "remoteSourceControl",
      "location" : "https://github.com/jonaszell97/Toolbox.git",
      "state" : {
        "revision" : "1a111bbb2700a03b6581b7e85959bfba1051cccd",
        "version" : "0.2.0"
      }
    }
  ],
  "version" : 2
}
