{
  "pins" : [
    {
      "identity" : "toolbox",
      "kind" : "remoteSourceControl",
      "location" : "https://github.com/jonaszell97/Toolbox.git",
      "state" : {
        "revision" : "0f002e3b30436e6afbc7cf83b093554fb6d80f15",
        "version" : "0.5.0"
      }
    }
  ],
  "version" : 2
}
